
Microsoft Visual Studio Solution File, Format Version 12.00
# Visual Studio Version 16
VisualStudioVersion = 16.0.31321.278
MinimumVisualStudioVersion = 10.0.40219.1
Project("{FAE04EC0-301F-11D3-BF4B-00C04F79EFBC}") = "test", "test.csproj", "{8193657D-0B4C-4631-A057-D6B60595AFFF}"
EndProject
Global
	GlobalSection(SolutionConfigurationPlatforms) = preSolution
		Debug|Any CPU = Debug|Any CPU
		Release|Any CPU = Release|Any CPU
	EndGlobalSection
	GlobalSection(ProjectConfigurationPlatforms) = postSolution
		{8193657D-0B4C-4631-A057-D6B60595AFFF}.Debug|Any CPU.ActiveCfg = Debug|Any CPU
		{8193657D-0B4C-4631-A057-D6B60595AFFF}.Debug|Any CPU.Build.0 = Debug|Any CPU
		{8193657D-0B4C-4631-A057-D6B60595AFFF}.Release|Any CPU.ActiveCfg = Release|Any CPU
		{8193657D-0B4C-4631-A057-D6B60595AFFF}.Release|Any CPU.Build.0 = Release|Any CPU
	EndGlobalSection
	GlobalSection(SolutionProperties) = preSolution
		HideSolutionNode = FALSE
	EndGlobalSection
	GlobalSection(ExtensibilityGlobals) = postSolution
		SolutionGuid = {DDAC1399-5AB1-4F6F-826D-22F9CEB089AD}
	EndGlobalSection
EndGlobal
